<?xml version="1.0" encoding="utf-8"?>
<Project ToolsVersion="4.0" xmlns="http://schemas.microsoft.com/developer/msbuild/2003">
  <ItemGroup>
    <Filter Include="Source Files">
      <UniqueIdentifier>{4FC737F1-C7A5-4376-A066-2A32D752A2FF}</UniqueIdentifier>
      <Extensions>cpp;c;cc;cxx;c++;cppm;ixx;def;odl;idl;hpj;bat;asm;asmx</Extensions>
    </Filter>
    <Filter Include="Header Files">
      <UniqueIdentifier>{93995380-89BD-4b04-88EB-625FBE52EBFB}</UniqueIdentifier>
      <Extensions>h;hh;hpp;hxx;h++;hm;inl;inc;ipp;xsd</Extensions>
    </Filter>
    <Filter Include="Resource Files">
      <UniqueIdentifier>{67DA6AB6-F800-4c08-8B7A-83BB121AAD01}</UniqueIdentifier>
      <Extensions>rc;ico;cur;bmp;dlg;rc2;rct;bin;rgs;gif;jpg;jpeg;jpe;resx;tiff;tif;png;wav;mfcribbon-ms</Extensions>
    </Filter>
    <Filter Include="Resource Files\Shaders">
      <UniqueIdentifier>{05a60357-4258-4711-ae1a-93d8a28f35cb}</UniqueIdentifier>
    </Filter>
    <Filter Include="Resource Files\textures">
      <UniqueIdentifier>{12783d48-bafd-41f5-820b-4e5681c159d9}</UniqueIdentifier>
    </Filter>
    <Filter Include="Source Files\demos">
      <UniqueIdentifier>{39dc1b7f-2290-415c-a155-5deb966b09e0}</UniqueIdentifier>
    </Filter>
    <Filter Include="Source Files\OpenGL">
      <UniqueIdentifier>{3d6d3f18-2514-4940-bbe5-f3b2da9c6199}</UniqueIdentifier>
    </Filter>
    <Filter Include="Header Files\OpenGL">
      <UniqueIdentifier>{67c2613b-a568-48a9-88e7-ebbeba6685ef}</UniqueIdentifier>
    </Filter>
  </ItemGroup>
  <ItemGroup>
    <ClCompile Include="glad.c">
      <Filter>Source Files</Filter>
    </ClCompile>
    <ClCompile Include="Main.cpp">
      <Filter>Source Files</Filter>
    </ClCompile>
    <ClCompile Include="src\OpenGL\Camera.cpp">
      <Filter>Source Files\OpenGL</Filter>
    </ClCompile>
    <ClCompile Include="src\OpenGL\EBO.cpp">
      <Filter>Source Files\OpenGL</Filter>
    </ClCompile>
    <ClCompile Include="src\OpenGL\Mesh.cpp">
      <Filter>Source Files\OpenGL</Filter>
    </ClCompile>
    <ClCompile Include="src\OpenGL\Model.cpp">
      <Filter>Source Files\OpenGL</Filter>
    </ClCompile>
    <ClCompile Include="src\OpenGL\shaderClass.cpp">
      <Filter>Source Files\OpenGL</Filter>
    </ClCompile>
    <ClCompile Include="src\OpenGL\stb.cpp">
      <Filter>Source Files\OpenGL</Filter>
    </ClCompile>
    <ClCompile Include="src\OpenGL\Texture.cpp">
      <Filter>Source Files\OpenGL</Filter>
    </ClCompile>
    <ClCompile Include="src\OpenGL\VAO.cpp">
      <Filter>Source Files\OpenGL</Filter>
    </ClCompile>
    <ClCompile Include="src\OpenGL\VBO.cpp">
      <Filter>Source Files\OpenGL</Filter>
    </ClCompile>
    <ClCompile Include="src\demos\Model-Demo.cpp">
      <Filter>Source Files\demos</Filter>
    </ClCompile>
    <ClCompile Include="src\demos\Instancing-AsteroidDemo.cpp">
      <Filter>Source Files\demos</Filter>
    </ClCompile>
    <ClCompile Include="src\demos\Lighting-Demo.cpp">
      <Filter>Source Files\demos</Filter>
    </ClCompile>
  </ItemGroup>
  <ItemGroup>
    <None Include="resources\shaders\default.frag">
      <Filter>Resource Files\Shaders</Filter>
    </None>
    <None Include="resources\shaders\default.vert">
      <Filter>Resource Files\Shaders</Filter>
    </None>
    <None Include="resources\shaders\light.frag">
      <Filter>Resource Files\Shaders</Filter>
    </None>
    <None Include="resources\shaders\light.vert">
      <Filter>Resource Files\Shaders</Filter>
    </None>
    <None Include="resources\shaders\skybox.frag">
      <Filter>Resource Files\Shaders</Filter>
    </None>
    <None Include="resources\shaders\skybox.vert">
      <Filter>Resource Files\Shaders</Filter>
    </None>
    <None Include="resources\shaders\asteroid.vert">
      <Filter>Resource Files\Shaders</Filter>
    </None>
  </ItemGroup>
  <ItemGroup>
    <Image Include="resources\textures\pop_cat.png">
      <Filter>Resource Files\textures</Filter>
    </Image>
  </ItemGroup>
  <ItemGroup>
    <ClInclude Include="src\OpenGL\Camera.h">
      <Filter>Header Files\OpenGL</Filter>
    </ClInclude>
    <ClInclude Include="src\OpenGL\EBO.h">
      <Filter>Header Files\OpenGL</Filter>
    </ClInclude>
    <ClInclude Include="src\OpenGL\Mesh.h">
      <Filter>Header Files\OpenGL</Filter>
    </ClInclude>
    <ClInclude Include="src\OpenGL\Model.h">
      <Filter>Header Files\OpenGL</Filter>
    </ClInclude>
    <ClInclude Include="src\OpenGL\shaderClass.h">
      <Filter>Header Files\OpenGL</Filter>
    </ClInclude>
    <ClInclude Include="src\OpenGL\Texture.h">
      <Filter>Header Files\OpenGL</Filter>
    </ClInclude>
    <ClInclude Include="src\OpenGL\VAO.h">
      <Filter>Header Files\OpenGL</Filter>
    </ClInclude>
    <ClInclude Include="src\OpenGL\VBO.h">
      <Filter>Header Files\OpenGL</Filter>
    </ClInclude>
  </ItemGroup>
</Project>