<?xml version="1.0" encoding="utf-8"?>
<Project ToolsVersion="4.0" xmlns="http://schemas.microsoft.com/developer/msbuild/2003">
  <ItemGroup>
    <Filter Include="Source Files">
      <UniqueIdentifier>{4FC737F1-C7A5-4376-A066-2A32D752A2FF}</UniqueIdentifier>
      <Extensions>cpp;c;cc;cxx;c++;cppm;ixx;def;odl;idl;hpj;bat;asm;asmx</Extensions>
    </Filter>
    <Filter Include="Header Files">
      <UniqueIdentifier>{93995380-89BD-4b04-88EB-625FBE52EBFB}</UniqueIdentifier>
      <Extensions>h;hh;hpp;hxx;h++;hm;inl;inc;ipp;xsd</Extensions>
    </Filter>
    <Filter Include="Resource Files">
      <UniqueIdentifier>{67DA6AB6-F800-4c08-8B7A-83BB121AAD01}</UniqueIdentifier>
      <Extensions>rc;ico;cur;bmp;dlg;rc2;rct;bin;rgs;gif;jpg;jpeg;jpe;resx;tiff;tif;png;wav;mfcribbon-ms</Extensions>
    </Filter>
    <Filter Include="Resource Files\Shaders">
      <UniqueIdentifier>{05a60357-4258-4711-ae1a-93d8a28f35cb}</UniqueIdentifier>
    </Filter>
    <Filter Include="Resource Files\textures">
      <UniqueIdentifier>{12783d48-bafd-41f5-820b-4e5681c159d9}</UniqueIdentifier>
    </Filter>
    <Filter Include="Source Files\demos">
      <UniqueIdentifier>{39dc1b7f-2290-415c-a155-5deb966b09e0}</UniqueIdentifier>
    </Filter>
    <Filter Include="Source Files\OpenGL">
      <UniqueIdentifier>{3d6d3f18-2514-4940-bbe5-f3b2da9c6199}</UniqueIdentifier>
    </Filter>
    <Filter Include="Header Files\OpenGL">
      <UniqueIdentifier>{67c2613b-a568-48a9-88e7-ebbeba6685ef}</UniqueIdentifier>
    </Filter>
    <Filter Include="Source Files\cyclone">
      <UniqueIdentifier>{4df0184a-0238-45b8-b057-8ac2af668e85}</UniqueIdentifier>
    </Filter>
    <Filter Include="Header Files\cyclone">
      <UniqueIdentifier>{d0d1ea17-1e12-4799-8c6c-863e9d33fa86}</UniqueIdentifier>
    </Filter>
    <Filter Include="Source Files\demos\GL-Demo">
      <UniqueIdentifier>{6bfcd2ae-177b-406b-b21e-fe9a96f6ac60}</UniqueIdentifier>
    </Filter>
    <Filter Include="Source Files\demos\Physics-Demo">
      <UniqueIdentifier>{8a67f7b3-57cd-4e9c-a586-226934238bde}</UniqueIdentifier>
    </Filter>
    <Filter Include="Header Files\demos">
      <UniqueIdentifier>{0d465eda-78bf-4c7f-935e-c1d12f9e804c}</UniqueIdentifier>
    </Filter>
    <Filter Include="Header Files\demos\Physics-Demo">
      <UniqueIdentifier>{c94e4250-621b-4b6c-97e2-702de2e8eed1}</UniqueIdentifier>
    </Filter>
    <Filter Include="Header Files\helper">
      <UniqueIdentifier>{3226d917-6354-4dcc-b232-f792268233a8}</UniqueIdentifier>
    </Filter>
    <Filter Include="Source Files\helper">
      <UniqueIdentifier>{e6211150-78ba-444e-82c0-20a389728638}</UniqueIdentifier>
    </Filter>
  </ItemGroup>
  <ItemGroup>
    <ClCompile Include="glad.c">
      <Filter>Source Files</Filter>
    </ClCompile>
    <ClCompile Include="src\OpenGL\Camera.cpp">
      <Filter>Source Files\OpenGL</Filter>
    </ClCompile>
    <ClCompile Include="src\OpenGL\EBO.cpp">
      <Filter>Source Files\OpenGL</Filter>
    </ClCompile>
    <ClCompile Include="src\OpenGL\Mesh.cpp">
      <Filter>Source Files\OpenGL</Filter>
    </ClCompile>
    <ClCompile Include="src\OpenGL\Model.cpp">
      <Filter>Source Files\OpenGL</Filter>
    </ClCompile>
    <ClCompile Include="src\OpenGL\shaderClass.cpp">
      <Filter>Source Files\OpenGL</Filter>
    </ClCompile>
    <ClCompile Include="src\OpenGL\stb.cpp">
      <Filter>Source Files\OpenGL</Filter>
    </ClCompile>
    <ClCompile Include="src\OpenGL\Texture.cpp">
      <Filter>Source Files\OpenGL</Filter>
    </ClCompile>
    <ClCompile Include="src\OpenGL\VAO.cpp">
      <Filter>Source Files\OpenGL</Filter>
    </ClCompile>
    <ClCompile Include="src\OpenGL\VBO.cpp">
      <Filter>Source Files\OpenGL</Filter>
    </ClCompile>
    <ClCompile Include="src\cyclone\particle.cpp">
      <Filter>Source Files\cyclone</Filter>
    </ClCompile>
    <ClCompile Include="src\demos\Physics-Demo\Ballistic-Demo.cpp">
      <Filter>Source Files\demos\Physics-Demo</Filter>
    </ClCompile>
    <ClCompile Include="src\demos\GL-Demo\Instancing-AsteroidDemo.cpp">
      <Filter>Source Files\demos\GL-Demo</Filter>
    </ClCompile>
    <ClCompile Include="src\demos\GL-Demo\Lighting-Demo.cpp">
      <Filter>Source Files\demos\GL-Demo</Filter>
    </ClCompile>
    <ClCompile Include="src\demos\GL-Demo\Model-Demo.cpp">
      <Filter>Source Files\demos\GL-Demo</Filter>
    </ClCompile>
    <ClCompile Include="src\demos\Physics-Demo\DemoLauncher.cpp">
      <Filter>Source Files\demos\Physics-Demo</Filter>
    </ClCompile>
    <ClCompile Include="src\OpenGL\Lights.cpp">
      <Filter>Source Files\OpenGL</Filter>
    </ClCompile>
    <ClCompile Include="src\extra\helper.cpp">
      <Filter>Source Files\helper</Filter>
    </ClCompile>
  </ItemGroup>
  <ItemGroup>
    <None Include="resources\shaders\default.frag">
      <Filter>Resource Files\Shaders</Filter>
    </None>
    <None Include="resources\shaders\default.vert">
      <Filter>Resource Files\Shaders</Filter>
    </None>
    <None Include="resources\shaders\light.frag">
      <Filter>Resource Files\Shaders</Filter>
    </None>
    <None Include="resources\shaders\light.vert">
      <Filter>Resource Files\Shaders</Filter>
    </None>
    <None Include="resources\shaders\skybox.frag">
      <Filter>Resource Files\Shaders</Filter>
    </None>
    <None Include="resources\shaders\skybox.vert">
      <Filter>Resource Files\Shaders</Filter>
    </None>
    <None Include="resources\shaders\instancing.vert">
      <Filter>Resource Files\Shaders</Filter>
    </None>
  </ItemGroup>
  <ItemGroup>
    <Image Include="resources\textures\pop_cat.png">
      <Filter>Resource Files\textures</Filter>
    </Image>
  </ItemGroup>
  <ItemGroup>
    <ClInclude Include="src\OpenGL\Camera.h">
      <Filter>Header Files\OpenGL</Filter>
    </ClInclude>
    <ClInclude Include="src\OpenGL\EBO.h">
      <Filter>Header Files\OpenGL</Filter>
    </ClInclude>
    <ClInclude Include="src\OpenGL\Mesh.h">
      <Filter>Header Files\OpenGL</Filter>
    </ClInclude>
    <ClInclude Include="src\OpenGL\Model.h">
      <Filter>Header Files\OpenGL</Filter>
    </ClInclude>
    <ClInclude Include="src\OpenGL\shaderClass.h">
      <Filter>Header Files\OpenGL</Filter>
    </ClInclude>
    <ClInclude Include="src\OpenGL\Texture.h">
      <Filter>Header Files\OpenGL</Filter>
    </ClInclude>
    <ClInclude Include="src\OpenGL\VAO.h">
      <Filter>Header Files\OpenGL</Filter>
    </ClInclude>
    <ClInclude Include="src\OpenGL\VBO.h">
      <Filter>Header Files\OpenGL</Filter>
    </ClInclude>
    <ClInclude Include="src\cyclone\core.h">
      <Filter>Header Files\cyclone</Filter>
    </ClInclude>
    <ClInclude Include="src\cyclone\particle.h">
      <Filter>Header Files\cyclone</Filter>
    </ClInclude>
    <ClInclude Include="src\cyclone\precision.h">
      <Filter>Header Files\cyclone</Filter>
    </ClInclude>
    <ClInclude Include="src\cyclone\cyclone.h">
      <Filter>Header Files\cyclone</Filter>
    </ClInclude>
    <ClInclude Include="src\demos\Physics-Demo\Ballistic-Demo.h">
      <Filter>Header Files\demos\Physics-Demo</Filter>
    </ClInclude>
    <ClInclude Include="src\OpenGL\Lights.h">
      <Filter>Header Files\OpenGL</Filter>
    </ClInclude>
    <ClInclude Include="src\extra\helper.h">
      <Filter>Header Files\helper</Filter>
    </ClInclude>
  </ItemGroup>
</Project>